<?xml version="1.0" encoding="utf-8"?>
<Project ToolsVersion="4.0" xmlns="http://schemas.microsoft.com/developer/msbuild/2003">
  <ItemGroup>
    <ClCompile Include="codefiles\DLLMain.cpp" />
    <ClCompile Include="codefiles\PHLConsole.cpp" />
    <ClCompile Include="codefiles\PHLMemory.cpp" />
    <ClCompile Include="codefiles\hacks\PHLBypass.cpp">
      <Filter>hacks</Filter>
    </ClCompile>
    <ClCompile Include="codefiles\hacks\PHLInput.cpp">
      <Filter>hacks</Filter>
    </ClCompile>
    <ClCompile Include="codefiles\hacks\PHLPlayer.cpp">
      <Filter>hacks</Filter>
    </ClCompile>
    <ClCompile Include="codefiles\hacks\PHLWindow.cpp">
      <Filter>hacks</Filter>
    </ClCompile>
    <ClCompile Include="codefiles\hacks\PHLMap.cpp">
      <Filter>hacks</Filter>
    </ClCompile>
  </ItemGroup>
  <ItemGroup>
    <ClInclude Include="codefiles\PHLConsole.h" />
    <ClInclude Include="codefiles\PHLMemory.h" />
    <ClInclude Include="codefiles\hacks\PHLBypass.h">
      <Filter>hacks</Filter>
    </ClInclude>
    <ClInclude Include="codefiles\hacks\PHLInput.h">
      <Filter>hacks</Filter>
    </ClInclude>
    <ClInclude Include="codefiles\hacks\PHLMap.h">
      <Filter>hacks</Filter>
    </ClInclude>
    <ClInclude Include="codefiles\hacks\PHLPlayer.h">
      <Filter>hacks</Filter>
    </ClInclude>
    <ClInclude Include="codefiles\hacks\PHLStringDecryptor.h">
      <Filter>hacks</Filter>
    </ClInclude>
    <ClInclude Include="codefiles\hacks\PHLWindow.h">
      <Filter>hacks</Filter>
    </ClInclude>
  </ItemGroup>
  <ItemGroup>
    <Filter Include="hacks">
      <UniqueIdentifier>{d6f92a51-0db1-4701-83b2-1f911d662240}</UniqueIdentifier>
    </Filter>
  </ItemGroup>
</Project>